<?xml version="1.0" encoding="utf-8"?>
<Project ToolsVersion="4.0" xmlns="http://schemas.microsoft.com/developer/msbuild/2003">
  <ItemGroup>
    <ClCompile Include="dllmain.cpp" />
    <ClCompile Include="UnityPluginSource\RenderingPlugin.cpp" />
    <ClCompile Include="Render\shader.cpp">
      <Filter>Render</Filter>
    </ClCompile>
    <ClCompile Include="Render\Texture.cpp">
      <Filter>Render</Filter>
    </ClCompile>
    <ClCompile Include="UnityPluginSource\GLEW\glew.c">
      <Filter>GLEW</Filter>
    </ClCompile>
    <ClCompile Include="UnityPluginSource\RenderDevice.cpp">
      <Filter>Render</Filter>
    </ClCompile>
    <ClCompile Include="Render\Renderer_Triangle.cpp">
      <Filter>Render</Filter>
    </ClCompile>
    <ClCompile Include="UnityPluginSource\RenderAPI_OpenGLCoreES.cpp">
      <Filter>Render</Filter>
    </ClCompile>
    <ClCompile Include="Render\Renderer_Quad.cpp">
      <Filter>Render</Filter>
    </ClCompile>
  </ItemGroup>
  <ItemGroup>
    <ClInclude Include="Render\shader.hpp">
      <Filter>Render</Filter>
    </ClInclude>
    <ClInclude Include="Render\Texture.h">
      <Filter>Render</Filter>
    </ClInclude>
    <ClInclude Include="UnityPluginSource\GLEW\glxew.h">
      <Filter>GLEW</Filter>
    </ClInclude>
    <ClInclude Include="UnityPluginSource\GLEW\glew.h">
      <Filter>GLEW</Filter>
    </ClInclude>
    <ClInclude Include="UnityPluginSource\GLEW\wglew.h">
      <Filter>GLEW</Filter>
    </ClInclude>
    <ClInclude Include="UnityPluginSource\Unity\IUnityGraphics.h">
      <Filter>Unity</Filter>
    </ClInclude>
    <ClInclude Include="UnityPluginSource\Unity\IUnityGraphicsD3D9.h">
      <Filter>Unity</Filter>
    </ClInclude>
    <ClInclude Include="UnityPluginSource\Unity\IUnityGraphicsD3D11.h">
      <Filter>Unity</Filter>
    </ClInclude>
    <ClInclude Include="UnityPluginSource\Unity\IUnityGraphicsD3D12.h">
      <Filter>Unity</Filter>
    </ClInclude>
    <ClInclude Include="UnityPluginSource\Unity\IUnityGraphicsMetal.h">
      <Filter>Unity</Filter>
    </ClInclude>
    <ClInclude Include="UnityPluginSource\Unity\IUnityInterface.h">
      <Filter>Unity</Filter>
    </ClInclude>
    <ClInclude Include="UnityPluginSource\RenderDevice.h">
      <Filter>Render</Filter>
    </ClInclude>
    <ClInclude Include="Render\Renderer_Triangle.h">
      <Filter>Render</Filter>
    </ClInclude>
    <ClInclude Include="UnityPluginSource\PlatformBase.h">
      <Filter>Render</Filter>
    </ClInclude>
    <ClInclude Include="Render\Renderer_Quad.h">
      <Filter>Render</Filter>
    </ClInclude>
  </ItemGroup>
  <ItemGroup>
    <None Include="UnityPluginSource\RenderingPlugin.def" />
    <None Include="Shaders\SimpleFragmentShader.fragmentshader">
      <Filter>Shaders</Filter>
    </None>
    <None Include="Shaders\SimpleVertexShader.vertexshader">
      <Filter>Shaders</Filter>
    </None>
    <None Include="Shaders\UnlitTexture.fragmentshader">
      <Filter>Shaders</Filter>
    </None>
    <None Include="Shaders\UnlitTexture.vertexshader">
      <Filter>Shaders</Filter>
    </None>
  </ItemGroup>
  <ItemGroup>
    <Filter Include="Shaders">
      <UniqueIdentifier>{c4f0d049-c5c5-4ff5-8486-1c7bd80505c1}</UniqueIdentifier>
    </Filter>
    <Filter Include="Render">
      <UniqueIdentifier>{93a9af23-19c2-46fc-a47f-1d0c4f4e93cf}</UniqueIdentifier>
    </Filter>
    <Filter Include="GLEW">
      <UniqueIdentifier>{93191165-7d5c-4352-a04b-84d3e326a5fd}</UniqueIdentifier>
    </Filter>
    <Filter Include="Unity">
      <UniqueIdentifier>{b87613c7-7792-4489-8739-afe2148bbee9}</UniqueIdentifier>
    </Filter>
  </ItemGroup>
</Project>